github.com/1l0/discordgo v0.29.1 h1:oUm9PNR1cWRohZb0L77jizrxj1Rj9i4XI7kYujFGp4k=
github.com/1l0/discordgo v0.29.1/go.mod h1:beFLLB7lHVXITZ09gDN6MCtbGvBxCxCrGICPX2xx1fc=
github.com/gorilla/websocket v1.4.2 h1:+/TMaTYc4QFitKJxsQ7Yye35DkWvkdLcvGKqM+x0Ufc=
github.com/gorilla/websocket v1.4.2/go.mod h1:YR8l580nyteQvAITg2hZ9XVh4b55+EU/adAjf1fMHhE=
github.com/ritehand/asagumo v0.1.1 h1:UigUvpDwWF24RxGdx8PRtck5NEO+tBeAw18VuFzmSj0=
github.com/ritehand/asagumo v0.1.1/go.mod h1:GPKJBh9igdhd4DTRtJgtCNrpauooJvEN1Xhx1XFFI3w=
golang.org/x/crypto v0.48.0 h1:/VRzVqiRSggnhY7gNRxPauEQ5Drw9haKdM0jqfcCFts=
golang.org/x/crypto v0.48.0/go.mod h1:r0kV5h3qnFPlQnBSrULhlsRfryS2pmewsg+XfMgkVos=
golang.org/x/sys v0.41.0 h1:Ivj+2Cp/ylzLiEU89QhWblYnOE9zerudt9Ftecq2C6k=
golang.org/x/sys v0.41.0/go.mod h1:OgkHotnGiDImocRcuBABYBEXf8A9a87e/uXjp9XT3ks=
